
Microsoft Visual Studio Solution File, Format Version 12.00
# Visual Studio 2013
VisualStudioVersion = 12.0.30501.0
MinimumVisualStudioVersion = 10.0.40219.1
Project("{8BC9CEB8-8B4A-11D0-8D11-00A0C91BC942}") = "StuffSim", "StuffSim\StuffSim.vcxproj", "{E1625DC9-6B01-4D47-AF22-581C24DE9116}"
EndProject
Project("{8BC9CEB8-8B4A-11D0-8D11-00A0C91BC942}") = "StuffSimUnitTests", "StuffSimUnitTests\StuffSimUnitTests.vcxproj", "{12AB5A03-7396-4003-9C14-B9037C05F60B}"
EndProject
Project("{8BC9CEB8-8B4A-11D0-8D11-00A0C91BC942}") = "ThreadLib", "ThreadLib\ThreadLib.vcxproj", "{D17206AE-4F5B-45EB-B99B-A0ABF95BE137}"
EndProject
Project("{8BC9CEB8-8B4A-11D0-8D11-00A0C91BC942}") = "Physics", "Physics\Physics.vcxproj", "{EC70529E-ADFD-4A6C-AE3F-91F8AD1B1466}"
EndProject
Project("{8BC9CEB8-8B4A-11D0-8D11-00A0C91BC942}") = "LowLevelRendering", "LowLevelRendering\LowLevelRendering.vcxproj", "{4B9C97B8-3C10-4660-A887-08217DE5936F}"
EndProject
Project("{8BC9CEB8-8B4A-11D0-8D11-00A0C91BC942}") = "Platform", "..\Platform\Platform\Platform.vcxproj", "{3B22ACE9-4543-4AE5-B9AB-7A792D8CA9A9}"
EndProject
Global
	GlobalSection(SolutionConfigurationPlatforms) = preSolution
		Debug|Win32 = Debug|Win32
		Release|Win32 = Release|Win32
	EndGlobalSection
	GlobalSection(ProjectConfigurationPlatforms) = postSolution
		{E1625DC9-6B01-4D47-AF22-581C24DE9116}.Debug|Win32.ActiveCfg = Debug|Win32
		{E1625DC9-6B01-4D47-AF22-581C24DE9116}.Debug|Win32.Build.0 = Debug|Win32
		{E1625DC9-6B01-4D47-AF22-581C24DE9116}.Release|Win32.ActiveCfg = Release|Win32
		{E1625DC9-6B01-4D47-AF22-581C24DE9116}.Release|Win32.Build.0 = Release|Win32
		{12AB5A03-7396-4003-9C14-B9037C05F60B}.Debug|Win32.ActiveCfg = Debug|Win32
		{12AB5A03-7396-4003-9C14-B9037C05F60B}.Debug|Win32.Build.0 = Debug|Win32
		{12AB5A03-7396-4003-9C14-B9037C05F60B}.Release|Win32.ActiveCfg = Release|Win32
		{12AB5A03-7396-4003-9C14-B9037C05F60B}.Release|Win32.Build.0 = Release|Win32
		{D17206AE-4F5B-45EB-B99B-A0ABF95BE137}.Debug|Win32.ActiveCfg = Debug|Win32
		{D17206AE-4F5B-45EB-B99B-A0ABF95BE137}.Debug|Win32.Build.0 = Debug|Win32
		{D17206AE-4F5B-45EB-B99B-A0ABF95BE137}.Release|Win32.ActiveCfg = Release|Win32
		{D17206AE-4F5B-45EB-B99B-A0ABF95BE137}.Release|Win32.Build.0 = Release|Win32
		{EC70529E-ADFD-4A6C-AE3F-91F8AD1B1466}.Debug|Win32.ActiveCfg = Debug|Win32
		{EC70529E-ADFD-4A6C-AE3F-91F8AD1B1466}.Debug|Win32.Build.0 = Debug|Win32
		{EC70529E-ADFD-4A6C-AE3F-91F8AD1B1466}.Release|Win32.ActiveCfg = Release|Win32
		{EC70529E-ADFD-4A6C-AE3F-91F8AD1B1466}.Release|Win32.Build.0 = Release|Win32
		{4B9C97B8-3C10-4660-A887-08217DE5936F}.Debug|Win32.ActiveCfg = Debug|Win32
		{4B9C97B8-3C10-4660-A887-08217DE5936F}.Debug|Win32.Build.0 = Debug|Win32
		{4B9C97B8-3C10-4660-A887-08217DE5936F}.Release|Win32.ActiveCfg = Release|Win32
		{4B9C97B8-3C10-4660-A887-08217DE5936F}.Release|Win32.Build.0 = Release|Win32
		{3B22ACE9-4543-4AE5-B9AB-7A792D8CA9A9}.Debug|Win32.ActiveCfg = Debug|Win32
		{3B22ACE9-4543-4AE5-B9AB-7A792D8CA9A9}.Debug|Win32.Build.0 = Debug|Win32
		{3B22ACE9-4543-4AE5-B9AB-7A792D8CA9A9}.Release|Win32.ActiveCfg = Release|Win32
		{3B22ACE9-4543-4AE5-B9AB-7A792D8CA9A9}.Release|Win32.Build.0 = Release|Win32
	EndGlobalSection
	GlobalSection(SolutionProperties) = preSolution
		HideSolutionNode = FALSE
	EndGlobalSection
EndGlobal
