
Microsoft Visual Studio Solution File, Format Version 12.00
# Visual Studio 2013
VisualStudioVersion = 12.0.30501.0
MinimumVisualStudioVersion = 10.0.40219.1
Project("{8BC9CEB8-8B4A-11D0-8D11-00A0C91BC942}") = "StuffSim", "StuffSim\StuffSim.vcxproj", "{E1625DC9-6B01-4D47-AF22-581C24DE9116}"
EndProject
Project("{8BC9CEB8-8B4A-11D0-8D11-00A0C91BC942}") = "StuffSimUnitTests", "StuffSimUnitTests\StuffSimUnitTests.vcxproj", "{12AB5A03-7396-4003-9C14-B9037C05F60B}"
EndProject
Global
	GlobalSection(SolutionConfigurationPlatforms) = preSolution
		Debug|Win32 = Debug|Win32
		Release|Win32 = Release|Win32
	EndGlobalSection
	GlobalSection(ProjectConfigurationPlatforms) = postSolution
		{E1625DC9-6B01-4D47-AF22-581C24DE9116}.Debug|Win32.ActiveCfg = Debug|Win32
		{E1625DC9-6B01-4D47-AF22-581C24DE9116}.Debug|Win32.Build.0 = Debug|Win32
		{E1625DC9-6B01-4D47-AF22-581C24DE9116}.Release|Win32.ActiveCfg = Release|Win32
		{E1625DC9-6B01-4D47-AF22-581C24DE9116}.Release|Win32.Build.0 = Release|Win32
		{12AB5A03-7396-4003-9C14-B9037C05F60B}.Debug|Win32.ActiveCfg = Debug|Win32
		{12AB5A03-7396-4003-9C14-B9037C05F60B}.Debug|Win32.Build.0 = Debug|Win32
		{12AB5A03-7396-4003-9C14-B9037C05F60B}.Release|Win32.ActiveCfg = Release|Win32
		{12AB5A03-7396-4003-9C14-B9037C05F60B}.Release|Win32.Build.0 = Release|Win32
	EndGlobalSection
	GlobalSection(SolutionProperties) = preSolution
		HideSolutionNode = FALSE
	EndGlobalSection
EndGlobal
