<?xml version="1.0" encoding="utf-8"?>
<Project ToolsVersion="4.0" xmlns="http://schemas.microsoft.com/developer/msbuild/2003">
  <ItemGroup>
    <ClInclude Include="include\dll_loader.h">
      <Filter>Headers</Filter>
    </ClInclude>
    <ClInclude Include="include\path.h">
      <Filter>Headers</Filter>
    </ClInclude>
    <ClInclude Include="include\ss_main.h">
      <Filter>Headers</Filter>
    </ClInclude>
    <ClInclude Include="include\system_header.h">
      <Filter>Headers</Filter>
    </ClInclude>
    <ClInclude Include="include\trim.h">
      <Filter>Headers</Filter>
    </ClInclude>
  </ItemGroup>
  <ItemGroup>
    <ClCompile Include="source\dll_loader.cpp">
      <Filter>Source</Filter>
    </ClCompile>
    <ClCompile Include="source\win\main.win.cpp">
      <Filter>Source\Windows</Filter>
    </ClCompile>
    <ClCompile Include="source\win\path.win.cpp">
      <Filter>Source\Windows</Filter>
    </ClCompile>
    <ClCompile Include="source\ss_main.cpp">
      <Filter>Source</Filter>
    </ClCompile>
    <ClCompile Include="source\win\dll_loader.win.cpp">
      <Filter>Source\Windows</Filter>
    </ClCompile>
  </ItemGroup>
  <ItemGroup>
    <Filter Include="Headers">
      <UniqueIdentifier>{9b57d7be-1e5d-4b95-943e-adbca3bf545f}</UniqueIdentifier>
    </Filter>
    <Filter Include="Source">
      <UniqueIdentifier>{c6d32ee4-c781-4e7d-bebf-3b1b4abe43a3}</UniqueIdentifier>
    </Filter>
    <Filter Include="Source\Windows">
      <UniqueIdentifier>{b9383570-d69e-472e-9cb3-0ca92305b86e}</UniqueIdentifier>
    </Filter>
    <Filter Include="Source\Linux">
      <UniqueIdentifier>{77ff2c4b-7ae7-484b-8f45-267090cf3d79}</UniqueIdentifier>
    </Filter>
  </ItemGroup>
</Project>